
Microsoft Visual Studio Solution File, Format Version 12.00
# Visual Studio 15
VisualStudioVersion = 15.0.28307.645
MinimumVisualStudioVersion = 10.0.40219.1
Project("{FAE04EC0-301F-11D3-BF4B-00C04F79EFBC}") = "CodeFirst", "CodeFirst\CodeFirst.csproj", "{832A60DD-378A-4B6F-BFD5-E8604D8D2CFE}"
EndProject
Global
	GlobalSection(SolutionConfigurationPlatforms) = preSolution
		Debug|Any CPU = Debug|Any CPU
		Release|Any CPU = Release|Any CPU
	EndGlobalSection
	GlobalSection(ProjectConfigurationPlatforms) = postSolution
		{832A60DD-378A-4B6F-BFD5-E8604D8D2CFE}.Debug|Any CPU.ActiveCfg = Debug|Any CPU
		{832A60DD-378A-4B6F-BFD5-E8604D8D2CFE}.Debug|Any CPU.Build.0 = Debug|Any CPU
		{832A60DD-378A-4B6F-BFD5-E8604D8D2CFE}.Release|Any CPU.ActiveCfg = Release|Any CPU
		{832A60DD-378A-4B6F-BFD5-E8604D8D2CFE}.Release|Any CPU.Build.0 = Release|Any CPU
	EndGlobalSection
	GlobalSection(SolutionProperties) = preSolution
		HideSolutionNode = FALSE
	EndGlobalSection
	GlobalSection(ExtensibilityGlobals) = postSolution
		SolutionGuid = {61A7AE97-6E22-4AA9-B1AD-5CEA880E382A}
	EndGlobalSection
EndGlobal
