
Microsoft Visual Studio Solution File, Format Version 12.00
# Visual Studio Version 16
VisualStudioVersion = 16.0.28705.295
MinimumVisualStudioVersion = 10.0.40219.1
Project("{FAE04EC0-301F-11D3-BF4B-00C04F79EFBC}") = "Vidly", "Vidly\Vidly.csproj", "{75B5195E-18C4-41D4-98A4-1CF1D52D39D1}"
EndProject
Global
	GlobalSection(SolutionConfigurationPlatforms) = preSolution
		Debug|Any CPU = Debug|Any CPU
		Release|Any CPU = Release|Any CPU
	EndGlobalSection
	GlobalSection(ProjectConfigurationPlatforms) = postSolution
		{75B5195E-18C4-41D4-98A4-1CF1D52D39D1}.Debug|Any CPU.ActiveCfg = Debug|Any CPU
		{75B5195E-18C4-41D4-98A4-1CF1D52D39D1}.Debug|Any CPU.Build.0 = Debug|Any CPU
		{75B5195E-18C4-41D4-98A4-1CF1D52D39D1}.Release|Any CPU.ActiveCfg = Release|Any CPU
		{75B5195E-18C4-41D4-98A4-1CF1D52D39D1}.Release|Any CPU.Build.0 = Release|Any CPU
	EndGlobalSection
	GlobalSection(SolutionProperties) = preSolution
		HideSolutionNode = FALSE
	EndGlobalSection
	GlobalSection(ExtensibilityGlobals) = postSolution
		SolutionGuid = {D769CAD3-6EE0-4C79-A390-466B730D0A17}
	EndGlobalSection
EndGlobal
